{"filter":false,"title":"package-lock.json","tooltip":"/lab-4-node-molliepayne/package-lock.json","ace":{"folds":[],"scrolltop":0,"scrollleft":0,"selection":{"start":{"row":0,"column":0},"end":{"row":0,"column":0},"isBackwards":false},"options":{"guessTabSize":true,"useWrapMode":false,"wrapToView":true},"firstLineState":0},"hash":"1f080433fc16d8759415024b05a28e604b9c57df","undoManager":{"mark":-1,"position":-1,"stack":[]},"timestamp":1572448695431}